
Microsoft Visual Studio Solution File, Format Version 12.00
Project("{FAE04EC0-301F-11D3-BF4B-00C04F79EFBC}") = "Comentario", "Comentario\Comentario.csproj", "{75458A04-13E5-4754-8859-8E4D882B3026}"
EndProject
Global
	GlobalSection(SolutionConfigurationPlatforms) = preSolution
		Debug|Any CPU = Debug|Any CPU
		Release|Any CPU = Release|Any CPU
	EndGlobalSection
	GlobalSection(ProjectConfigurationPlatforms) = postSolution
		{75458A04-13E5-4754-8859-8E4D882B3026}.Debug|Any CPU.ActiveCfg = Debug|Any CPU
		{75458A04-13E5-4754-8859-8E4D882B3026}.Debug|Any CPU.Build.0 = Debug|Any CPU
		{75458A04-13E5-4754-8859-8E4D882B3026}.Release|Any CPU.ActiveCfg = Release|Any CPU
		{75458A04-13E5-4754-8859-8E4D882B3026}.Release|Any CPU.Build.0 = Release|Any CPU
	EndGlobalSection
EndGlobal
